
Microsoft Visual Studio Solution File, Format Version 12.00
# Visual Studio 14
VisualStudioVersion = 14.0.25420.1
MinimumVisualStudioVersion = 10.0.40219.1
Project("{FAE04EC0-301F-11D3-BF4B-00C04F79EFBC}") = "TodoApp", "TodoApp\TodoApp.csproj", "{DF566AC7-CB32-41C9-82F0-E325EE1C2566}"
EndProject
Project("{2150E333-8FDC-42A3-9474-1A3956D46DE8}") = "Solution Items", "Solution Items", "{4E0ABCBF-E367-4318-8BDE-34819EDE679A}"
	ProjectSection(SolutionItems) = preProject
		JSLintOptions.xml = JSLintOptions.xml
	EndProjectSection
EndProject
Global
	GlobalSection(SolutionConfigurationPlatforms) = preSolution
		Debug|Any CPU = Debug|Any CPU
		Release|Any CPU = Release|Any CPU
	EndGlobalSection
	GlobalSection(ProjectConfigurationPlatforms) = postSolution
		{DF566AC7-CB32-41C9-82F0-E325EE1C2566}.Debug|Any CPU.ActiveCfg = Debug|Any CPU
		{DF566AC7-CB32-41C9-82F0-E325EE1C2566}.Debug|Any CPU.Build.0 = Debug|Any CPU
		{DF566AC7-CB32-41C9-82F0-E325EE1C2566}.Release|Any CPU.ActiveCfg = Release|Any CPU
		{DF566AC7-CB32-41C9-82F0-E325EE1C2566}.Release|Any CPU.Build.0 = Release|Any CPU
	EndGlobalSection
	GlobalSection(SolutionProperties) = preSolution
		HideSolutionNode = FALSE
	EndGlobalSection
EndGlobal
